// !$*UTF8*$!
{
	archiveVersion = 1;
	classes = {
	};
	objectVersion = 56;
	objects = {

/* Begin PBXBuildFile section */
		91F683F02ABCBF7B003F0F0F /* AppDelegate.swift in Sources */ = {isa = PBXBuildFile; fileRef = 91F683EF2ABCBF7B003F0F0F /* AppDelegate.swift */; };
		91F683F22ABCBF7B003F0F0F /* SceneDelegate.swift in Sources */ = {isa = PBXBuildFile; fileRef = 91F683F12ABCBF7B003F0F0F /* SceneDelegate.swift */; };
		91F683F42ABCBF7B003F0F0F /* ViewController.swift in Sources */ = {isa = PBXBuildFile; fileRef = 91F683F32ABCBF7B003F0F0F /* ViewController.swift */; };
		91F683F72ABCBF7B003F0F0F /* Main.storyboard in Resources */ = {isa = PBXBuildFile; fileRef = 91F683F52ABCBF7B003F0F0F /* Main.storyboard */; };
		91F683F92ABCBF7D003F0F0F /* Assets.xcassets in Resources */ = {isa = PBXBuildFile; fileRef = 91F683F82ABCBF7D003F0F0F /* Assets.xcassets */; };
		91F683FC2ABCBF7D003F0F0F /* LaunchScreen.storyboard in Resources */ = {isa = PBXBuildFile; fileRef = 91F683FA2ABCBF7D003F0F0F /* LaunchScreen.storyboard */; };
		91F684042ABCC008003F0F0F /* MyTableViewController.swift in Sources */ = {isa = PBXBuildFile; fileRef = 91F684032ABCC008003F0F0F /* MyTableViewController.swift */; };
		91F684072ABCC057003F0F0F /* MyTableViewCell.swift in Sources */ = {isa = PBXBuildFile; fileRef = 91F684052ABCC057003F0F0F /* MyTableViewCell.swift */; };
		91F684082ABCC057003F0F0F /* MyTableViewCell.xib in Resources */ = {isa = PBXBuildFile; fileRef = 91F684062ABCC057003F0F0F /* MyTableViewCell.xib */; };
		91F6840A2ABCC77C003F0F0F /* MyView.swift in Sources */ = {isa = PBXBuildFile; fileRef = 91F684092ABCC77C003F0F0F /* MyView.swift */; };
		91F6840C2ABCC7C6003F0F0F /* View.xib in Resources */ = {isa = PBXBuildFile; fileRef = 91F6840B2ABCC7C6003F0F0F /* View.xib */; };
/* End PBXBuildFile section */

/* Begin PBXFileReference section */
		91F683EC2ABCBF7B003F0F0F /* NibFileDemo1.app */ = {isa = PBXFileReference; explicitFileType = wrapper.application; includeInIndex = 0; path = NibFileDemo1.app; sourceTree = BUILT_PRODUCTS_DIR; };
		91F683EF2ABCBF7B003F0F0F /* AppDelegate.swift */ = {isa = PBXFileReference; lastKnownFileType = sourcecode.swift; path = AppDelegate.swift; sourceTree = "<group>"; };
		91F683F12ABCBF7B003F0F0F /* SceneDelegate.swift */ = {isa = PBXFileReference; lastKnownFileType = sourcecode.swift; path = SceneDelegate.swift; sourceTree = "<group>"; };
		91F683F32ABCBF7B003F0F0F /* ViewController.swift */ = {isa = PBXFileReference; lastKnownFileType = sourcecode.swift; path = ViewController.swift; sourceTree = "<group>"; };
		91F683F62ABCBF7B003F0F0F /* Base */ = {isa = PBXFileReference; lastKnownFileType = file.storyboard; name = Base; path = Base.lproj/Main.storyboard; sourceTree = "<group>"; };
		91F683F82ABCBF7D003F0F0F /* Assets.xcassets */ = {isa = PBXFileReference; lastKnownFileType = folder.assetcatalog; path = Assets.xcassets; sourceTree = "<group>"; };
		91F683FB2ABCBF7D003F0F0F /* Base */ = {isa = PBXFileReference; lastKnownFileType = file.storyboard; name = Base; path = Base.lproj/LaunchScreen.storyboard; sourceTree = "<group>"; };
		91F683FD2ABCBF7D003F0F0F /* Info.plist */ = {isa = PBXFileReference; lastKnownFileType = text.plist.xml; path = Info.plist; sourceTree = "<group>"; };
		91F684032ABCC008003F0F0F /* MyTableViewController.swift */ = {isa = PBXFileReference; lastKnownFileType = sourcecode.swift; path = MyTableViewController.swift; sourceTree = "<group>"; };
		91F684052ABCC057003F0F0F /* MyTableViewCell.swift */ = {isa = PBXFileReference; lastKnownFileType = sourcecode.swift; path = MyTableViewCell.swift; sourceTree = "<group>"; };
		91F684062ABCC057003F0F0F /* MyTableViewCell.xib */ = {isa = PBXFileReference; lastKnownFileType = file.xib; path = MyTableViewCell.xib; sourceTree = "<group>"; };
		91F684092ABCC77C003F0F0F /* MyView.swift */ = {isa = PBXFileReference; lastKnownFileType = sourcecode.swift; path = MyView.swift; sourceTree = "<group>"; };
		91F6840B2ABCC7C6003F0F0F /* View.xib */ = {isa = PBXFileReference; lastKnownFileType = file.xib; path = View.xib; sourceTree = "<group>"; };
/* End PBXFileReference section */

/* Begin PBXFrameworksBuildPhase section */
		91F683E92ABCBF7B003F0F0F /* Frameworks */ = {
			isa = PBXFrameworksBuildPhase;
			buildActionMask = 2147483647;
			files = (
			);
			runOnlyForDeploymentPostprocessing = 0;
		};
/* End PBXFrameworksBuildPhase section */

/* Begin PBXGroup section */
		91F683E32ABCBF7B003F0F0F = {
			isa = PBXGroup;
			children = (
				91F683EE2ABCBF7B003F0F0F /* NibFileDemo1 */,
				91F683ED2ABCBF7B003F0F0F /* Products */,
			);
			sourceTree = "<group>";
		};
		91F683ED2ABCBF7B003F0F0F /* Products */ = {
			isa = PBXGroup;
			children = (
				91F683EC2ABCBF7B003F0F0F /* NibFileDemo1.app */,
			);
			name = Products;
			sourceTree = "<group>";
		};
		91F683EE2ABCBF7B003F0F0F /* NibFileDemo1 */ = {
			isa = PBXGroup;
			children = (
				91F683EF2ABCBF7B003F0F0F /* AppDelegate.swift */,
				91F683F12ABCBF7B003F0F0F /* SceneDelegate.swift */,
				91F683F32ABCBF7B003F0F0F /* ViewController.swift */,
				91F683F52ABCBF7B003F0F0F /* Main.storyboard */,
				91F683F82ABCBF7D003F0F0F /* Assets.xcassets */,
				91F683FA2ABCBF7D003F0F0F /* LaunchScreen.storyboard */,
				91F683FD2ABCBF7D003F0F0F /* Info.plist */,
				91F684032ABCC008003F0F0F /* MyTableViewController.swift */,
				91F684052ABCC057003F0F0F /* MyTableViewCell.swift */,
				91F684062ABCC057003F0F0F /* MyTableViewCell.xib */,
				91F684092ABCC77C003F0F0F /* MyView.swift */,
				91F6840B2ABCC7C6003F0F0F /* View.xib */,
			);
			path = NibFileDemo1;
			sourceTree = "<group>";
		};
/* End PBXGroup section */

/* Begin PBXNativeTarget section */
		91F683EB2ABCBF7B003F0F0F /* NibFileDemo1 */ = {
			isa = PBXNativeTarget;
			buildConfigurationList = 91F684002ABCBF7D003F0F0F /* Build configuration list for PBXNativeTarget "NibFileDemo1" */;
			buildPhases = (
				91F683E82ABCBF7B003F0F0F /* Sources */,
				91F683E92ABCBF7B003F0F0F /* Frameworks */,
				91F683EA2ABCBF7B003F0F0F /* Resources */,
			);
			buildRules = (
			);
			dependencies = (
			);
			name = NibFileDemo1;
			productName = NibFileDemo1;
			productReference = 91F683EC2ABCBF7B003F0F0F /* NibFileDemo1.app */;
			productType = "com.apple.product-type.application";
		};
/* End PBXNativeTarget section */

/* Begin PBXProject section */
		91F683E42ABCBF7B003F0F0F /* Project object */ = {
			isa = PBXProject;
			attributes = {
				BuildIndependentTargetsInParallel = 1;
				LastSwiftUpdateCheck = 1420;
				LastUpgradeCheck = 1420;
				TargetAttributes = {
					91F683EB2ABCBF7B003F0F0F = {
						CreatedOnToolsVersion = 14.2;
					};
				};
			};
			buildConfigurationList = 91F683E72ABCBF7B003F0F0F /* Build configuration list for PBXProject "NibFileDemo1" */;
			compatibilityVersion = "Xcode 14.0";
			developmentRegion = en;
			hasScannedForEncodings = 0;
			knownRegions = (
				en,
				Base,
			);
			mainGroup = 91F683E32ABCBF7B003F0F0F;
			productRefGroup = 91F683ED2ABCBF7B003F0F0F /* Products */;
			projectDirPath = "";
			projectRoot = "";
			targets = (
				91F683EB2ABCBF7B003F0F0F /* NibFileDemo1 */,
			);
		};
/* End PBXProject section */

/* Begin PBXResourcesBuildPhase section */
		91F683EA2ABCBF7B003F0F0F /* Resources */ = {
			isa = PBXResourcesBuildPhase;
			buildActionMask = 2147483647;
			files = (
				91F683FC2ABCBF7D003F0F0F /* LaunchScreen.storyboard in Resources */,
				91F6840C2ABCC7C6003F0F0F /* View.xib in Resources */,
				91F684082ABCC057003F0F0F /* MyTableViewCell.xib in Resources */,
				91F683F92ABCBF7D003F0F0F /* Assets.xcassets in Resources */,
				91F683F72ABCBF7B003F0F0F /* Main.storyboard in Resources */,
			);
			runOnlyForDeploymentPostprocessing = 0;
		};
/* End PBXResourcesBuildPhase section */

/* Begin PBXSourcesBuildPhase section */
		91F683E82ABCBF7B003F0F0F /* Sources */ = {
			isa = PBXSourcesBuildPhase;
			buildActionMask = 2147483647;
			files = (
				91F6840A2ABCC77C003F0F0F /* MyView.swift in Sources */,
				91F683F42ABCBF7B003F0F0F /* ViewController.swift in Sources */,
				91F683F02ABCBF7B003F0F0F /* AppDelegate.swift in Sources */,
				91F683F22ABCBF7B003F0F0F /* SceneDelegate.swift in Sources */,
				91F684072ABCC057003F0F0F /* MyTableViewCell.swift in Sources */,
				91F684042ABCC008003F0F0F /* MyTableViewController.swift in Sources */,
			);
			runOnlyForDeploymentPostprocessing = 0;
		};
/* End PBXSourcesBuildPhase section */

/* Begin PBXVariantGroup section */
		91F683F52ABCBF7B003F0F0F /* Main.storyboard */ = {
			isa = PBXVariantGroup;
			children = (
				91F683F62ABCBF7B003F0F0F /* Base */,
			);
			name = Main.storyboard;
			sourceTree = "<group>";
		};
		91F683FA2ABCBF7D003F0F0F /* LaunchScreen.storyboard */ = {
			isa = PBXVariantGroup;
			children = (
				91F683FB2ABCBF7D003F0F0F /* Base */,
			);
			name = LaunchScreen.storyboard;
			sourceTree = "<group>";
		};
/* End PBXVariantGroup section */

/* Begin XCBuildConfiguration section */
		91F683FE2ABCBF7D003F0F0F /* Debug */ = {
			isa = XCBuildConfiguration;
			buildSettings = {
				ALWAYS_SEARCH_USER_PATHS = NO;
				CLANG_ANALYZER_NONNULL = YES;
				CLANG_ANALYZER_NUMBER_OBJECT_CONVERSION = YES_AGGRESSIVE;
				CLANG_CXX_LANGUAGE_STANDARD = "gnu++20";
				CLANG_ENABLE_MODULES = YES;
				CLANG_ENABLE_OBJC_ARC = YES;
				CLANG_ENABLE_OBJC_WEAK = YES;
				CLANG_WARN_BLOCK_CAPTURE_AUTORELEASING = YES;
				CLANG_WARN_BOOL_CONVERSION = YES;
				CLANG_WARN_COMMA = YES;
				CLANG_WARN_CONSTANT_CONVERSION = YES;
				CLANG_WARN_DEPRECATED_OBJC_IMPLEMENTATIONS = YES;
				CLANG_WARN_DIRECT_OBJC_ISA_USAGE = YES_ERROR;
				CLANG_WARN_DOCUMENTATION_COMMENTS = YES;
				CLANG_WARN_EMPTY_BODY = YES;
				CLANG_WARN_ENUM_CONVERSION = YES;
				CLANG_WARN_INFINITE_RECURSION = YES;
				CLANG_WARN_INT_CONVERSION = YES;
				CLANG_WARN_NON_LITERAL_NULL_CONVERSION = YES;
				CLANG_WARN_OBJC_IMPLICIT_RETAIN_SELF = YES;
				CLANG_WARN_OBJC_LITERAL_CONVERSION = YES;
				CLANG_WARN_OBJC_ROOT_CLASS = YES_ERROR;
				CLANG_WARN_QUOTED_INCLUDE_IN_FRAMEWORK_HEADER = YES;
				CLANG_WARN_RANGE_LOOP_ANALYSIS = YES;
				CLANG_WARN_STRICT_PROTOTYPES = YES;
				CLANG_WARN_SUSPICIOUS_MOVE = YES;
				CLANG_WARN_UNGUARDED_AVAILABILITY = YES_AGGRESSIVE;
				CLANG_WARN_UNREACHABLE_CODE = YES;
				CLANG_WARN__DUPLICATE_METHOD_MATCH = YES;
				COPY_PHASE_STRIP = NO;
				DEBUG_INFORMATION_FORMAT = dwarf;
				ENABLE_STRICT_OBJC_MSGSEND = YES;
				ENABLE_TESTABILITY = YES;
				GCC_C_LANGUAGE_STANDARD = gnu11;
				GCC_DYNAMIC_NO_PIC = NO;
				GCC_NO_COMMON_BLOCKS = YES;
				GCC_OPTIMIZATION_LEVEL = 0;
				GCC_PREPROCESSOR_DEFINITIONS = (
					"DEBUG=1",
					"$(inherited)",
				);
				GCC_WARN_64_TO_32_BIT_CONVERSION = YES;
				GCC_WARN_ABOUT_RETURN_TYPE = YES_ERROR;
				GCC_WARN_UNDECLARED_SELECTOR = YES;
				GCC_WARN_UNINITIALIZED_AUTOS = YES_AGGRESSIVE;
				GCC_WARN_UNUSED_FUNCTION = YES;
				GCC_WARN_UNUSED_VARIABLE = YES;
				IPHONEOS_DEPLOYMENT_TARGET = 16.2;
				MTL_ENABLE_DEBUG_INFO = INCLUDE_SOURCE;
				MTL_FAST_MATH = YES;
				ONLY_ACTIVE_ARCH = YES;
				SDKROOT = iphoneos;
				SWIFT_ACTIVE_COMPILATION_CONDITIONS = DEBUG;
				SWIFT_OPTIMIZATION_LEVEL = "-Onone";
			};
			name = Debug;
		};
		91F683FF2ABCBF7D003F0F0F /* Release */ = {
			isa = XCBuildConfiguration;
			buildSettings = {
				ALWAYS_SEARCH_USER_PATHS = NO;
				CLANG_ANALYZER_NONNULL = YES;
				CLANG_ANALYZER_NUMBER_OBJECT_CONVERSION = YES_AGGRESSIVE;
				CLANG_CXX_LANGUAGE_STANDARD = "gnu++20";
				CLANG_ENABLE_MODULES = YES;
				CLANG_ENABLE_OBJC_ARC = YES;
				CLANG_ENABLE_OBJC_WEAK = YES;
				CLANG_WARN_BLOCK_CAPTURE_AUTORELEASING = YES;
				CLANG_WARN_BOOL_CONVERSION = YES;
				CLANG_WARN_COMMA = YES;
				CLANG_WARN_CONSTANT_CONVERSION = YES;
				CLANG_WARN_DEPRECATED_OBJC_IMPLEMENTATIONS = YES;
				CLANG_WARN_DIRECT_OBJC_ISA_USAGE = YES_ERROR;
				CLANG_WARN_DOCUMENTATION_COMMENTS = YES;
				CLANG_WARN_EMPTY_BODY = YES;
				CLANG_WARN_ENUM_CONVERSION = YES;
				CLANG_WARN_INFINITE_RECURSION = YES;
				CLANG_WARN_INT_CONVERSION = YES;
				CLANG_WARN_NON_LITERAL_NULL_CONVERSION = YES;
				CLANG_WARN_OBJC_IMPLICIT_RETAIN_SELF = YES;
				CLANG_WARN_OBJC_LITERAL_CONVERSION = YES;
				CLANG_WARN_OBJC_ROOT_CLASS = YES_ERROR;
				CLANG_WARN_QUOTED_INCLUDE_IN_FRAMEWORK_HEADER = YES;
				CLANG_WARN_RANGE_LOOP_ANALYSIS = YES;
				CLANG_WARN_STRICT_PROTOTYPES = YES;
				CLANG_WARN_SUSPICIOUS_MOVE = YES;
				CLANG_WARN_UNGUARDED_AVAILABILITY = YES_AGGRESSIVE;
				CLANG_WARN_UNREACHABLE_CODE = YES;
				CLANG_WARN__DUPLICATE_METHOD_MATCH = YES;
				COPY_PHASE_STRIP = NO;
				DEBUG_INFORMATION_FORMAT = "dwarf-with-dsym";
				ENABLE_NS_ASSERTIONS = NO;
				ENABLE_STRICT_OBJC_MSGSEND = YES;
				GCC_C_LANGUAGE_STANDARD = gnu11;
				GCC_NO_COMMON_BLOCKS = YES;
				GCC_WARN_64_TO_32_BIT_CONVERSION = YES;
				GCC_WARN_ABOUT_RETURN_TYPE = YES_ERROR;
				GCC_WARN_UNDECLARED_SELECTOR = YES;
				GCC_WARN_UNINITIALIZED_AUTOS = YES_AGGRESSIVE;
				GCC_WARN_UNUSED_FUNCTION = YES;
				GCC_WARN_UNUSED_VARIABLE = YES;
				IPHONEOS_DEPLOYMENT_TARGET = 16.2;
				MTL_ENABLE_DEBUG_INFO = NO;
				MTL_FAST_MATH = YES;
				SDKROOT = iphoneos;
				SWIFT_COMPILATION_MODE = wholemodule;
				SWIFT_OPTIMIZATION_LEVEL = "-O";
				VALIDATE_PRODUCT = YES;
			};
			name = Release;
		};
		91F684012ABCBF7D003F0F0F /* Debug */ = {
			isa = XCBuildConfiguration;
			buildSettings = {
				ASSETCATALOG_COMPILER_APPICON_NAME = AppIcon;
				ASSETCATALOG_COMPILER_GLOBAL_ACCENT_COLOR_NAME = AccentColor;
				CODE_SIGN_STYLE = Automatic;
				CURRENT_PROJECT_VERSION = 1;
				GENERATE_INFOPLIST_FILE = YES;
				INFOPLIST_FILE = NibFileDemo1/Info.plist;
				INFOPLIST_KEY_UIApplicationSupportsIndirectInputEvents = YES;
				INFOPLIST_KEY_UILaunchStoryboardName = LaunchScreen;
				INFOPLIST_KEY_UIMainStoryboardFile = Main;
				INFOPLIST_KEY_UISupportedInterfaceOrientations_iPad = "UIInterfaceOrientationPortrait UIInterfaceOrientationPortraitUpsideDown UIInterfaceOrientationLandscapeLeft UIInterfaceOrientationLandscapeRight";
				INFOPLIST_KEY_UISupportedInterfaceOrientations_iPhone = "UIInterfaceOrientationPortrait UIInterfaceOrientationLandscapeLeft UIInterfaceOrientationLandscapeRight";
				LD_RUNPATH_SEARCH_PATHS = (
					"$(inherited)",
					"@executable_path/Frameworks",
				);
				MARKETING_VERSION = 1.0;
				PRODUCT_BUNDLE_IDENTIFIER = ProjectsMySelf.NibFileDemo1;
				PRODUCT_NAME = "$(TARGET_NAME)";
				SWIFT_EMIT_LOC_STRINGS = YES;
				SWIFT_VERSION = 5.0;
				TARGETED_DEVICE_FAMILY = "1,2";
			};
			name = Debug;
		};
		91F684022ABCBF7D003F0F0F /* Release */ = {
			isa = XCBuildConfiguration;
			buildSettings = {
				ASSETCATALOG_COMPILER_APPICON_NAME = AppIcon;
				ASSETCATALOG_COMPILER_GLOBAL_ACCENT_COLOR_NAME = AccentColor;
				CODE_SIGN_STYLE = Automatic;
				CURRENT_PROJECT_VERSION = 1;
				GENERATE_INFOPLIST_FILE = YES;
				INFOPLIST_FILE = NibFileDemo1/Info.plist;
				INFOPLIST_KEY_UIApplicationSupportsIndirectInputEvents = YES;
				INFOPLIST_KEY_UILaunchStoryboardName = LaunchScreen;
				INFOPLIST_KEY_UIMainStoryboardFile = Main;
				INFOPLIST_KEY_UISupportedInterfaceOrientations_iPad = "UIInterfaceOrientationPortrait UIInterfaceOrientationPortraitUpsideDown UIInterfaceOrientationLandscapeLeft UIInterfaceOrientationLandscapeRight";
				INFOPLIST_KEY_UISupportedInterfaceOrientations_iPhone = "UIInterfaceOrientationPortrait UIInterfaceOrientationLandscapeLeft UIInterfaceOrientationLandscapeRight";
				LD_RUNPATH_SEARCH_PATHS = (
					"$(inherited)",
					"@executable_path/Frameworks",
				);
				MARKETING_VERSION = 1.0;
				PRODUCT_BUNDLE_IDENTIFIER = ProjectsMySelf.NibFileDemo1;
				PRODUCT_NAME = "$(TARGET_NAME)";
				SWIFT_EMIT_LOC_STRINGS = YES;
				SWIFT_VERSION = 5.0;
				TARGETED_DEVICE_FAMILY = "1,2";
			};
			name = Release;
		};
/* End XCBuildConfiguration section */

/* Begin XCConfigurationList section */
		91F683E72ABCBF7B003F0F0F /* Build configuration list for PBXProject "NibFileDemo1" */ = {
			isa = XCConfigurationList;
			buildConfigurations = (
				91F683FE2ABCBF7D003F0F0F /* Debug */,
				91F683FF2ABCBF7D003F0F0F /* Release */,
			);
			defaultConfigurationIsVisible = 0;
			defaultConfigurationName = Release;
		};
		91F684002ABCBF7D003F0F0F /* Build configuration list for PBXNativeTarget "NibFileDemo1" */ = {
			isa = XCConfigurationList;
			buildConfigurations = (
				91F684012ABCBF7D003F0F0F /* Debug */,
				91F684022ABCBF7D003F0F0F /* Release */,
			);
			defaultConfigurationIsVisible = 0;
			defaultConfigurationName = Release;
		};
/* End XCConfigurationList section */
	};
	rootObject = 91F683E42ABCBF7B003F0F0F /* Project object */;
}
